
Microsoft Visual Studio Solution File, Format Version 12.00
# Visual Studio Version 17
VisualStudioVersion = 17.11.35327.3
MinimumVisualStudioVersion = 10.0.40219.1
Project("{FAE04EC0-301F-11D3-BF4B-00C04F79EFBC}") = "Ergasia1", "Ergasia1\Ergasia1.csproj", "{652B7E4F-F15C-4AE2-ABCD-14523AE3DE82}"
EndProject
Global
	GlobalSection(SolutionConfigurationPlatforms) = preSolution
		Debug|Any CPU = Debug|Any CPU
		Release|Any CPU = Release|Any CPU
	EndGlobalSection
	GlobalSection(ProjectConfigurationPlatforms) = postSolution
		{652B7E4F-F15C-4AE2-ABCD-14523AE3DE82}.Debug|Any CPU.ActiveCfg = Debug|Any CPU
		{652B7E4F-F15C-4AE2-ABCD-14523AE3DE82}.Debug|Any CPU.Build.0 = Debug|Any CPU
		{652B7E4F-F15C-4AE2-ABCD-14523AE3DE82}.Release|Any CPU.ActiveCfg = Release|Any CPU
		{652B7E4F-F15C-4AE2-ABCD-14523AE3DE82}.Release|Any CPU.Build.0 = Release|Any CPU
	EndGlobalSection
	GlobalSection(SolutionProperties) = preSolution
		HideSolutionNode = FALSE
	EndGlobalSection
	GlobalSection(ExtensibilityGlobals) = postSolution
		SolutionGuid = {B3F24AF6-143E-43BE-8356-9D01533BBC62}
	EndGlobalSection
EndGlobal
